
Microsoft Visual Studio Solution File, Format Version 12.00
# Visual Studio Version 16
VisualStudioVersion = 16.0.31702.278
MinimumVisualStudioVersion = 10.0.40219.1
Project("{9A19103F-16F7-4668-BE54-9A1E7A4F7556}") = "Clean14000716.Domain", "Clean14000716.Domain\Clean14000716.Domain.csproj", "{A5580FCB-80C4-4DEF-AC25-5D842EF3642A}"
EndProject
Project("{2150E333-8FDC-42A3-9474-1A3956D46DE8}") = "Doc", "Doc", "{FA9C81B8-139F-4DBB-BF15-5FAD12AAEA4A}"
EndProject
Project("{2150E333-8FDC-42A3-9474-1A3956D46DE8}") = "Test", "Test", "{B090BC20-7E89-4664-A51E-E4674D2EE22C}"
EndProject
Project("{2150E333-8FDC-42A3-9474-1A3956D46DE8}") = "Src", "Src", "{62121751-BBEF-4CE7-8D80-106FC75B39D2}"
EndProject
Project("{2150E333-8FDC-42A3-9474-1A3956D46DE8}") = "Infrastructure", "Infrastructure", "{24AC7A0C-9BB4-4FB6-9F9E-673D3A5D74B4}"
EndProject
Project("{2150E333-8FDC-42A3-9474-1A3956D46DE8}") = "Presentation", "Presentation", "{3AFE0A39-5141-41AA-B3E3-D1E9F3C1E3E8}"
EndProject
Project("{2150E333-8FDC-42A3-9474-1A3956D46DE8}") = "Core", "Core", "{1E8243DB-AF80-4688-A327-FBCCC025F711}"
EndProject
Project("{9A19103F-16F7-4668-BE54-9A1E7A4F7556}") = "Clean14000716.Common", "Clean14000716.Common\Clean14000716.Common.csproj", "{033C1E8A-B383-4590-BBC7-AA3DA16CD042}"
EndProject
Project("{9A19103F-16F7-4668-BE54-9A1E7A4F7556}") = "Clean14000716.Application", "Clean14000716.Application\Clean14000716.Application.csproj", "{03D68443-2A72-4D17-8369-A1492EE3FF40}"
EndProject
Project("{FAE04EC0-301F-11D3-BF4B-00C04F79EFBC}") = "Clean14000716.Infrastructure", "Clean14000716.Infrastructure\Clean14000716.Infrastructure.csproj", "{4EF30DA8-32A5-4024-8523-A0B0E7470433}"
EndProject
Project("{FAE04EC0-301F-11D3-BF4B-00C04F79EFBC}") = "Clean14000716.Persistence", "Clean14000716.Persistence\Clean14000716.Persistence.csproj", "{91EB5405-C9B8-47A2-A880-9CA3D3B3CB3C}"
EndProject
Project("{FAE04EC0-301F-11D3-BF4B-00C04F79EFBC}") = "Clean14000716.WebCommon", "Clean14000716.WebCommon\Clean14000716.WebCommon.csproj", "{5777E0D6-8B96-4765-89A6-CD72EE8641AF}"
EndProject
Project("{FAE04EC0-301F-11D3-BF4B-00C04F79EFBC}") = "Clean14000716.Api", "Clean14000716.Api\Clean14000716.Api.csproj", "{976EC4B4-A59A-47D4-9398-D2C24D8AD7B6}"
EndProject
Global
	GlobalSection(SolutionConfigurationPlatforms) = preSolution
		Debug|Any CPU = Debug|Any CPU
		Release|Any CPU = Release|Any CPU
	EndGlobalSection
	GlobalSection(ProjectConfigurationPlatforms) = postSolution
		{A5580FCB-80C4-4DEF-AC25-5D842EF3642A}.Debug|Any CPU.ActiveCfg = Debug|Any CPU
		{A5580FCB-80C4-4DEF-AC25-5D842EF3642A}.Debug|Any CPU.Build.0 = Debug|Any CPU
		{A5580FCB-80C4-4DEF-AC25-5D842EF3642A}.Release|Any CPU.ActiveCfg = Release|Any CPU
		{A5580FCB-80C4-4DEF-AC25-5D842EF3642A}.Release|Any CPU.Build.0 = Release|Any CPU
		{033C1E8A-B383-4590-BBC7-AA3DA16CD042}.Debug|Any CPU.ActiveCfg = Debug|Any CPU
		{033C1E8A-B383-4590-BBC7-AA3DA16CD042}.Debug|Any CPU.Build.0 = Debug|Any CPU
		{033C1E8A-B383-4590-BBC7-AA3DA16CD042}.Release|Any CPU.ActiveCfg = Release|Any CPU
		{033C1E8A-B383-4590-BBC7-AA3DA16CD042}.Release|Any CPU.Build.0 = Release|Any CPU
		{03D68443-2A72-4D17-8369-A1492EE3FF40}.Debug|Any CPU.ActiveCfg = Debug|Any CPU
		{03D68443-2A72-4D17-8369-A1492EE3FF40}.Debug|Any CPU.Build.0 = Debug|Any CPU
		{03D68443-2A72-4D17-8369-A1492EE3FF40}.Release|Any CPU.ActiveCfg = Release|Any CPU
		{03D68443-2A72-4D17-8369-A1492EE3FF40}.Release|Any CPU.Build.0 = Release|Any CPU
		{4EF30DA8-32A5-4024-8523-A0B0E7470433}.Debug|Any CPU.ActiveCfg = Debug|Any CPU
		{4EF30DA8-32A5-4024-8523-A0B0E7470433}.Debug|Any CPU.Build.0 = Debug|Any CPU
		{4EF30DA8-32A5-4024-8523-A0B0E7470433}.Release|Any CPU.ActiveCfg = Release|Any CPU
		{4EF30DA8-32A5-4024-8523-A0B0E7470433}.Release|Any CPU.Build.0 = Release|Any CPU
		{91EB5405-C9B8-47A2-A880-9CA3D3B3CB3C}.Debug|Any CPU.ActiveCfg = Debug|Any CPU
		{91EB5405-C9B8-47A2-A880-9CA3D3B3CB3C}.Debug|Any CPU.Build.0 = Debug|Any CPU
		{91EB5405-C9B8-47A2-A880-9CA3D3B3CB3C}.Release|Any CPU.ActiveCfg = Release|Any CPU
		{91EB5405-C9B8-47A2-A880-9CA3D3B3CB3C}.Release|Any CPU.Build.0 = Release|Any CPU
		{5777E0D6-8B96-4765-89A6-CD72EE8641AF}.Debug|Any CPU.ActiveCfg = Debug|Any CPU
		{5777E0D6-8B96-4765-89A6-CD72EE8641AF}.Debug|Any CPU.Build.0 = Debug|Any CPU
		{5777E0D6-8B96-4765-89A6-CD72EE8641AF}.Release|Any CPU.ActiveCfg = Release|Any CPU
		{5777E0D6-8B96-4765-89A6-CD72EE8641AF}.Release|Any CPU.Build.0 = Release|Any CPU
		{976EC4B4-A59A-47D4-9398-D2C24D8AD7B6}.Debug|Any CPU.ActiveCfg = Debug|Any CPU
		{976EC4B4-A59A-47D4-9398-D2C24D8AD7B6}.Debug|Any CPU.Build.0 = Debug|Any CPU
		{976EC4B4-A59A-47D4-9398-D2C24D8AD7B6}.Release|Any CPU.ActiveCfg = Release|Any CPU
		{976EC4B4-A59A-47D4-9398-D2C24D8AD7B6}.Release|Any CPU.Build.0 = Release|Any CPU
	EndGlobalSection
	GlobalSection(SolutionProperties) = preSolution
		HideSolutionNode = FALSE
	EndGlobalSection
	GlobalSection(NestedProjects) = preSolution
		{A5580FCB-80C4-4DEF-AC25-5D842EF3642A} = {1E8243DB-AF80-4688-A327-FBCCC025F711}
		{24AC7A0C-9BB4-4FB6-9F9E-673D3A5D74B4} = {62121751-BBEF-4CE7-8D80-106FC75B39D2}
		{3AFE0A39-5141-41AA-B3E3-D1E9F3C1E3E8} = {62121751-BBEF-4CE7-8D80-106FC75B39D2}
		{1E8243DB-AF80-4688-A327-FBCCC025F711} = {62121751-BBEF-4CE7-8D80-106FC75B39D2}
		{033C1E8A-B383-4590-BBC7-AA3DA16CD042} = {1E8243DB-AF80-4688-A327-FBCCC025F711}
		{03D68443-2A72-4D17-8369-A1492EE3FF40} = {1E8243DB-AF80-4688-A327-FBCCC025F711}
		{4EF30DA8-32A5-4024-8523-A0B0E7470433} = {24AC7A0C-9BB4-4FB6-9F9E-673D3A5D74B4}
		{91EB5405-C9B8-47A2-A880-9CA3D3B3CB3C} = {24AC7A0C-9BB4-4FB6-9F9E-673D3A5D74B4}
		{5777E0D6-8B96-4765-89A6-CD72EE8641AF} = {3AFE0A39-5141-41AA-B3E3-D1E9F3C1E3E8}
		{976EC4B4-A59A-47D4-9398-D2C24D8AD7B6} = {3AFE0A39-5141-41AA-B3E3-D1E9F3C1E3E8}
	EndGlobalSection
	GlobalSection(ExtensibilityGlobals) = postSolution
		SolutionGuid = {D877D2D4-003D-4725-89DB-A9AA383D2A18}
	EndGlobalSection
EndGlobal
